
Microsoft Visual Studio Solution File, Format Version 12.00
# Visual Studio Version 16
VisualStudioVersion = 16.0.31025.194
MinimumVisualStudioVersion = 10.0.40219.1
Project("{FAE04EC0-301F-11D3-BF4B-00C04F79EFBC}") = "SomaSimples", "SomaSimples.csproj", "{F649507B-E12F-4D52-A5FC-C73B3130FF15}"
EndProject
Global
	GlobalSection(SolutionConfigurationPlatforms) = preSolution
		Debug|Any CPU = Debug|Any CPU
		Release|Any CPU = Release|Any CPU
	EndGlobalSection
	GlobalSection(ProjectConfigurationPlatforms) = postSolution
		{F649507B-E12F-4D52-A5FC-C73B3130FF15}.Debug|Any CPU.ActiveCfg = Debug|Any CPU
		{F649507B-E12F-4D52-A5FC-C73B3130FF15}.Debug|Any CPU.Build.0 = Debug|Any CPU
		{F649507B-E12F-4D52-A5FC-C73B3130FF15}.Release|Any CPU.ActiveCfg = Release|Any CPU
		{F649507B-E12F-4D52-A5FC-C73B3130FF15}.Release|Any CPU.Build.0 = Release|Any CPU
	EndGlobalSection
	GlobalSection(SolutionProperties) = preSolution
		HideSolutionNode = FALSE
	EndGlobalSection
	GlobalSection(ExtensibilityGlobals) = postSolution
		SolutionGuid = {622A17BE-C679-441E-9C80-924DB91A0A52}
	EndGlobalSection
EndGlobal
